<?xml version="1.0" encoding="utf-8"?>
<Project ToolsVersion="4.0" xmlns="http://schemas.microsoft.com/developer/msbuild/2003">
  <ItemGroup>
    <Filter Include="소스 파일">
      <UniqueIdentifier>{4FC737F1-C7A5-4376-A066-2A32D752A2FF}</UniqueIdentifier>
      <Extensions>cpp;c;cc;cxx;def;odl;idl;hpj;bat;asm;asmx</Extensions>
    </Filter>
    <Filter Include="헤더 파일">
      <UniqueIdentifier>{93995380-89BD-4b04-88EB-625FBE52EBFB}</UniqueIdentifier>
      <Extensions>h;hh;hpp;hxx;hm;inl;inc;ipp;xsd</Extensions>
    </Filter>
    <Filter Include="리소스 파일">
      <UniqueIdentifier>{67DA6AB6-F800-4c08-8B7A-83BB121AAD01}</UniqueIdentifier>
      <Extensions>rc;ico;cur;bmp;dlg;rc2;rct;bin;rgs;gif;jpg;jpeg;jpe;resx;tiff;tif;png;wav;mfcribbon-ms</Extensions>
    </Filter>
    <Filter Include="c">
      <UniqueIdentifier>{383880eb-6a4f-4957-837c-809d1c3a9813}</UniqueIdentifier>
    </Filter>
    <Filter Include="c\BinaryTree">
      <UniqueIdentifier>{76a3e79a-60b7-4a26-9210-389f8f747d5e}</UniqueIdentifier>
    </Filter>
    <Filter Include="c\SingleList">
      <UniqueIdentifier>{04b19c0d-2dea-4107-8fd2-b65cdaffb8b4}</UniqueIdentifier>
    </Filter>
    <Filter Include="cpp">
      <UniqueIdentifier>{0062a0d4-f7a1-4a2a-8368-02fb6a23cba8}</UniqueIdentifier>
    </Filter>
    <Filter Include="cpp\Stack">
      <UniqueIdentifier>{5ad0ddb8-0d5c-4071-b5fe-eb068153653e}</UniqueIdentifier>
    </Filter>
  </ItemGroup>
  <ItemGroup>
    <ClCompile Include="src\Tree\c\BinaryTree.c">
      <Filter>c\BinaryTree</Filter>
    </ClCompile>
    <ClCompile Include="src\List\c\SingleList.c">
      <Filter>c\SingleList</Filter>
    </ClCompile>
    <ClCompile Include="src\main.cpp">
      <Filter>소스 파일</Filter>
    </ClCompile>
    <ClCompile Include="src\Stack\cpp\SimpleStack.cpp">
      <Filter>cpp\Stack</Filter>
    </ClCompile>
  </ItemGroup>
  <ItemGroup>
    <ClInclude Include="src\Tree\c\BinaryTree.h">
      <Filter>c\BinaryTree</Filter>
    </ClInclude>
    <ClInclude Include="src\List\c\SingleList.h">
      <Filter>c\SingleList</Filter>
    </ClInclude>
    <ClInclude Include="src\Stack\cpp\SimpleStack.h">
      <Filter>cpp\Stack</Filter>
    </ClInclude>
  </ItemGroup>
</Project>